
Microsoft Visual Studio Solution File, Format Version 12.00
# Visual Studio Version 17
VisualStudioVersion = 17.1.32328.378
MinimumVisualStudioVersion = 10.0.40219.1
Project("{9A19103F-16F7-4668-BE54-9A1E7A4F7556}") = "Revisão_CSHARP", "Revisão_CSHARP\Revisão_CSHARP.csproj", "{7A0A11B4-C2A8-44D7-B051-3FF69FF8B9EC}"
EndProject
Project("{9A19103F-16F7-4668-BE54-9A1E7A4F7556}") = "ex2_if", "ex2_if\ex2_if.csproj", "{EAE8A8BE-45D4-403B-893C-663442E74539}"
EndProject
Project("{9A19103F-16F7-4668-BE54-9A1E7A4F7556}") = "ex3_if", "ex3_if\ex3_if.csproj", "{9167581E-70AA-41CA-92CB-B17D0C107070}"
EndProject
Project("{9A19103F-16F7-4668-BE54-9A1E7A4F7556}") = "ex4_if", "ex4_if\ex4_if.csproj", "{37A1A36B-D2DB-4E0F-8BA9-A303B9C84CCE}"
EndProject
Project("{9A19103F-16F7-4668-BE54-9A1E7A4F7556}") = "ex5_if", "ex5_if\ex5_if.csproj", "{6B22A497-3827-42C2-8BB1-2EF13E050EBE}"
EndProject
Project("{9A19103F-16F7-4668-BE54-9A1E7A4F7556}") = "ex6_if", "ex6_if\ex6_if.csproj", "{B1471865-0771-4E06-AE6A-9A82415CCA89}"
EndProject
Project("{9A19103F-16F7-4668-BE54-9A1E7A4F7556}") = "ex7_if", "ex7_if\ex7_if.csproj", "{0FB5A68F-4A29-4DAE-BB29-D76ABDA8EDDB}"
EndProject
Project("{9A19103F-16F7-4668-BE54-9A1E7A4F7556}") = "while01", "while01\while01.csproj", "{5C3417B5-DDA4-4A41-9BE2-759E19C3A3A7}"
EndProject
Project("{9A19103F-16F7-4668-BE54-9A1E7A4F7556}") = "while_ex1", "while_ex1\while_ex1.csproj", "{C0143D7A-3C20-4E3D-AE6A-365A19EA02B6}"
EndProject
Project("{9A19103F-16F7-4668-BE54-9A1E7A4F7556}") = "while_ex2", "while_ex2\while_ex2.csproj", "{DAFBE4B8-CB91-4373-A7C5-51F597554E42}"
EndProject
Project("{9A19103F-16F7-4668-BE54-9A1E7A4F7556}") = "POO01", "POO01\POO01.csproj", "{1582F6B5-87F9-4054-91AA-510A87D28324}"
EndProject
Project("{9A19103F-16F7-4668-BE54-9A1E7A4F7556}") = "POO_EX1", "POO_EX1\POO_EX1.csproj", "{6BF29204-2564-4D2A-8A38-C395E01558BE}"
EndProject
Project("{9A19103F-16F7-4668-BE54-9A1E7A4F7556}") = "POO_EX2", "POO_EX2\POO_EX2.csproj", "{DE08C12E-157F-4A2F-9B2E-39DC33FCAED5}"
EndProject
Project("{9A19103F-16F7-4668-BE54-9A1E7A4F7556}") = "POO02", "POO02\POO02.csproj", "{DDA9D1E8-C126-427E-B6DD-ABA6CD9C09BA}"
EndProject
Project("{9A19103F-16F7-4668-BE54-9A1E7A4F7556}") = "ExPOO_ContaBancária", "ExPOO_ContaBancária\ExPOO_ContaBancária.csproj", "{6569A91D-97E1-4FA3-BC43-F1CF24EA57DA}"
EndProject
Project("{9A19103F-16F7-4668-BE54-9A1E7A4F7556}") = "TipoReferecia_vs_TipoValor", "TipoReferecia_vs_TipoValor\TipoReferecia_vs_TipoValor.csproj", "{0B06573F-4749-4053-BAED-537D528F2EC8}"
EndProject
Project("{9A19103F-16F7-4668-BE54-9A1E7A4F7556}") = "Ex_vetores_quartos", "Ex_vetores_quartos\Ex_vetores_quartos.csproj", "{B0E7B097-521E-4D5A-B1CC-7686B7D6ECBF}"
EndProject
Project("{9A19103F-16F7-4668-BE54-9A1E7A4F7556}") = "List_revisão76", "List_revisão76\List_revisão76.csproj", "{48A0A12D-A0C0-43C6-8271-D546F56C355A}"
EndProject
Project("{9A19103F-16F7-4668-BE54-9A1E7A4F7556}") = "Ex_list", "Ex_list\Ex_list.csproj", "{1CBC65C6-7261-4CC7-84AA-0B848FC4D0A5}"
EndProject
Project("{9A19103F-16F7-4668-BE54-9A1E7A4F7556}") = "Ex_Matriz", "Ex_Matriz\Ex_Matriz.csproj", "{85648500-1C9A-4778-9D56-2F0B0549103F}"
EndProject
Project("{9A19103F-16F7-4668-BE54-9A1E7A4F7556}") = "String_Functions", "String_Functions\String_Functions.csproj", "{CB1B4122-6084-428A-8895-0B107B805B7E}"
EndProject
Project("{9A19103F-16F7-4668-BE54-9A1E7A4F7556}") = "DateTime", "DateTime\DateTime.csproj", "{0A544EEC-E095-4414-9FC4-1F067B99F57C}"
EndProject
Project("{9A19103F-16F7-4668-BE54-9A1E7A4F7556}") = "TimeSpan", "TimeSpam\TimeSpan.csproj", "{ABDAC7C2-FB09-42EC-B3A5-1A0D03ED5BF3}"
EndProject
Project("{9A19103F-16F7-4668-BE54-9A1E7A4F7556}") = "Datetime2", "Datetime2\Datetime2.csproj", "{F6706CE0-7FB1-4117-A623-38FA4684AD25}"
EndProject
Project("{9A19103F-16F7-4668-BE54-9A1E7A4F7556}") = "TimeSpan2", "TimeSpan2\TimeSpan2.csproj", "{6B6FF4E0-8E72-40F8-90D2-71C3DE2E0CB3}"
EndProject
Project("{9A19103F-16F7-4668-BE54-9A1E7A4F7556}") = "DateTimeKind", "DateTimeKind\DateTimeKind.csproj", "{89150A0C-7ED1-4F74-ABF8-C0CAA04AB622}"
EndProject
Project("{9A19103F-16F7-4668-BE54-9A1E7A4F7556}") = "Enum_rev", "Enum_rev\Enum_rev.csproj", "{88DE4754-D010-4F27-9ED0-EDA0D61010DE}"
EndProject
Project("{9A19103F-16F7-4668-BE54-9A1E7A4F7556}") = "Enum_Ex1", "Enum_Ex1\Enum_Ex1.csproj", "{D9951830-D206-409E-B4CD-D05C33913A7F}"
EndProject
Project("{9A19103F-16F7-4668-BE54-9A1E7A4F7556}") = "Enum_Ex2", "Enum_Ex2\Enum_Ex2.csproj", "{84C6FD50-997D-49CF-9B06-BD5FF3BE3D2A}"
EndProject
Project("{9A19103F-16F7-4668-BE54-9A1E7A4F7556}") = "Enum_Ex3", "Enum_Ex3\Enum_Ex3.csproj", "{1E2FE15A-FC68-438D-9006-5789DCF10504}"
EndProject
Project("{9A19103F-16F7-4668-BE54-9A1E7A4F7556}") = "Herança", "Herança\Herança.csproj", "{302B200D-1AFC-4382-BD69-5CE8A65D0045}"
EndProject
Project("{9A19103F-16F7-4668-BE54-9A1E7A4F7556}") = "Upcasting_DownCasting", "Upcasting_DownCasting\Upcasting_DownCasting.csproj", "{2AD05057-4CA8-4D1F-BB95-DC41D7A140D3}"
EndProject
Project("{9A19103F-16F7-4668-BE54-9A1E7A4F7556}") = "Herança_ex1", "Herança_ex1\Herança_ex1.csproj", "{8F9A961A-FC90-4CBF-859E-D53F011C73DB}"
EndProject
Project("{9A19103F-16F7-4668-BE54-9A1E7A4F7556}") = "Herança_Ex2", "Ex2\Herança_Ex2.csproj", "{E13F389B-1F24-4056-ADBB-A8A10792E707}"
EndProject
Project("{9A19103F-16F7-4668-BE54-9A1E7A4F7556}") = "métodos abstratos", "métodos abstratos\métodos abstratos.csproj", "{DC1E1A9E-77DD-4507-8686-4873F9F4F9D7}"
EndProject
Project("{9A19103F-16F7-4668-BE54-9A1E7A4F7556}") = "Exception_ex", "Exception_ex\Exception_ex.csproj", "{44F8189E-9BA1-4B47-AD15-3EB9B56D17D4}"
EndProject
Project("{9A19103F-16F7-4668-BE54-9A1E7A4F7556}") = "aulaArquivos", "aulaArquivos\aulaArquivos.csproj", "{49D73047-4865-4C45-B786-5B30154CE9AF}"
EndProject
Project("{9A19103F-16F7-4668-BE54-9A1E7A4F7556}") = "aulaArquivos2", "aulaArquivos2\aulaArquivos2.csproj", "{F13A874A-4FF6-4939-81D7-CA3A3D0243CD}"
EndProject
Project("{9A19103F-16F7-4668-BE54-9A1E7A4F7556}") = "aulaArquivo3", "aulaArquivo3\aulaArquivo3.csproj", "{CA62A577-E51B-43D0-BE49-8D1094DF469E}"
EndProject
Project("{9A19103F-16F7-4668-BE54-9A1E7A4F7556}") = "aulaArquivos4", "aulaArquivos4\aulaArquivos4.csproj", "{F1C96BEF-1B12-48BC-87F4-BD9D22F8860C}"
EndProject
Project("{9A19103F-16F7-4668-BE54-9A1E7A4F7556}") = "aulaArquivos5", "aulaArquivos5\aulaArquivos5.csproj", "{E38853FE-C288-4737-B489-D506E0880AA7}"
EndProject
Project("{9A19103F-16F7-4668-BE54-9A1E7A4F7556}") = "aulaArquivos6", "aulaArquivos6\aulaArquivos6.csproj", "{DFB79796-654A-43E0-B06E-C9B7CE396AA4}"
EndProject
Project("{9A19103F-16F7-4668-BE54-9A1E7A4F7556}") = "exArquivos", "exArquivos\exArquivos.csproj", "{C6DD2D9D-C30E-40CF-BD83-BAA9FBBCC18E}"
EndProject
Project("{9A19103F-16F7-4668-BE54-9A1E7A4F7556}") = "Interfaces", "Interfaces\Interfaces.csproj", "{FC533A87-F852-4170-83B9-937965F314CC}"
EndProject
Project("{9A19103F-16F7-4668-BE54-9A1E7A4F7556}") = "Interfaces2", "Interfaces2\Interfaces2.csproj", "{67C7C16C-6EA1-4F64-8389-A479CF59AD55}"
EndProject
Project("{9A19103F-16F7-4668-BE54-9A1E7A4F7556}") = "Interfaces3", "Interfaces3\Interfaces3.csproj", "{99F80553-B5C7-48FF-A6B5-04CAE673D0E8}"
EndProject
Project("{9A19103F-16F7-4668-BE54-9A1E7A4F7556}") = "Interfaces4", "Interfaces4\Interfaces4.csproj", "{B404AA69-1642-48E0-BBF0-20DD98566FD4}"
EndProject
Project("{9A19103F-16F7-4668-BE54-9A1E7A4F7556}") = "Interfaces5", "Interaces5\Interfaces5.csproj", "{215E9BDB-36EE-4E95-A144-173774AA3976}"
EndProject
Project("{9A19103F-16F7-4668-BE54-9A1E7A4F7556}") = "Generics1", "Generics1\Generics1.csproj", "{ADE0553E-EA33-48D1-854B-5AFBD53037F8}"
EndProject
Project("{9A19103F-16F7-4668-BE54-9A1E7A4F7556}") = "Generics2", "Generics2\Generics2.csproj", "{DD937B72-FAE9-49C8-A359-ED69AF605430}"
EndProject
Project("{9A19103F-16F7-4668-BE54-9A1E7A4F7556}") = "Generics3", "Generics3\Generics3.csproj", "{BF3D1E31-E966-4300-B99B-B17E560C8125}"
EndProject
Project("{9A19103F-16F7-4668-BE54-9A1E7A4F7556}") = "Generics4", "Generics4\Generics4.csproj", "{714C3280-FB02-4C19-9E68-5EE0D38285A5}"
EndProject
Project("{9A19103F-16F7-4668-BE54-9A1E7A4F7556}") = "Generics5", "Generics5\Generics5.csproj", "{5FDDAC35-8D97-4886-B95E-396FC9AD90D3}"
EndProject
Project("{9A19103F-16F7-4668-BE54-9A1E7A4F7556}") = "Generics6", "Generics6\Generics6.csproj", "{24D03967-2FED-4A4C-8230-1BF132C68170}"
EndProject
Project("{9A19103F-16F7-4668-BE54-9A1E7A4F7556}") = "GenericsEx1", "GenericsEx1\GenericsEx1.csproj", "{6731518E-FDA6-4BF6-98A4-4055ED13D1B8}"
EndProject
Project("{9A19103F-16F7-4668-BE54-9A1E7A4F7556}") = "GenericsEx2", "GenericsEx2\GenericsEx2.csproj", "{424AE073-D00D-4BF8-951E-9D27E037D1BD}"
EndProject
Project("{9A19103F-16F7-4668-BE54-9A1E7A4F7556}") = "Dictionary", "Dictionary\Dictionary.csproj", "{57E9D993-9F50-43C6-9A16-BF118DAA512A}"
EndProject
Project("{9A19103F-16F7-4668-BE54-9A1E7A4F7556}") = "Dictionary_EX1", "Dictionary_EX1\Dictionary_EX1.csproj", "{3C2FE444-79DB-479C-9B96-4CD45DC1E5C4}"
EndProject
Project("{9A19103F-16F7-4668-BE54-9A1E7A4F7556}") = "ExtensionMethods", "ExtensionMethods\ExtensionMethods.csproj", "{106E9D76-D14E-49FE-BDB2-54412516876A}"
EndProject
Project("{9A19103F-16F7-4668-BE54-9A1E7A4F7556}") = "Delegates1", "Delegates1\Delegates1.csproj", "{5B79CB77-E6BB-471F-BA6B-970FAF429A57}"
EndProject
Project("{9A19103F-16F7-4668-BE54-9A1E7A4F7556}") = "MulticastDelegates", "MulticastDelegates\MulticastDelegates.csproj", "{84BA0043-D2BE-4E31-81EB-27193EAEAC37}"
EndProject
Project("{9A19103F-16F7-4668-BE54-9A1E7A4F7556}") = "Predicate", "Predicate\Predicate.csproj", "{2E6FF8CA-9D00-45C4-89DE-982287F76489}"
EndProject
Project("{9A19103F-16F7-4668-BE54-9A1E7A4F7556}") = "Action", "Action\Action.csproj", "{B74EC820-0977-4D3A-B220-267B06E7791D}"
EndProject
Project("{9A19103F-16F7-4668-BE54-9A1E7A4F7556}") = "Func", "Func\Func.csproj", "{71D42289-39D2-44B0-8D22-1FA921388127}"
EndProject
Project("{9A19103F-16F7-4668-BE54-9A1E7A4F7556}") = "Linq", "Linq\Linq.csproj", "{C0AD82D0-8D48-46A7-A28E-51946ACCB425}"
EndProject
Project("{9A19103F-16F7-4668-BE54-9A1E7A4F7556}") = "Linq2", "Linq2\Linq2.csproj", "{874E3C38-8E1D-4C59-AC8D-03F954B13DBB}"
EndProject
Project("{9A19103F-16F7-4668-BE54-9A1E7A4F7556}") = "LinqEx1", "Linq3\LinqEx1.csproj", "{0A0E4AF2-7A9C-4378-8F4E-A4C64A10CCF1}"
EndProject
Project("{9A19103F-16F7-4668-BE54-9A1E7A4F7556}") = "LinqEx2", "LinqEx2\LinqEx2.csproj", "{AD688AEF-292A-4C93-AE7E-090312CE1C7B}"
EndProject
Project("{9A19103F-16F7-4668-BE54-9A1E7A4F7556}") = "ExLinq2", "ExLinq2\ExLinq2.csproj", "{45535F0C-A4E6-42E8-A0E8-C10A6BF6843D}"
EndProject
Project("{FAE04EC0-301F-11D3-BF4B-00C04F79EFBC}") = "ObjectPool", "ObjectPool\ObjectPool.csproj", "{FECE0EF5-A5CF-41A0-8C56-666D76B7FEAA}"
EndProject
Global
	GlobalSection(SolutionConfigurationPlatforms) = preSolution
		Debug|Any CPU = Debug|Any CPU
		Release|Any CPU = Release|Any CPU
	EndGlobalSection
	GlobalSection(ProjectConfigurationPlatforms) = postSolution
		{7A0A11B4-C2A8-44D7-B051-3FF69FF8B9EC}.Debug|Any CPU.ActiveCfg = Debug|Any CPU
		{7A0A11B4-C2A8-44D7-B051-3FF69FF8B9EC}.Debug|Any CPU.Build.0 = Debug|Any CPU
		{7A0A11B4-C2A8-44D7-B051-3FF69FF8B9EC}.Release|Any CPU.ActiveCfg = Release|Any CPU
		{7A0A11B4-C2A8-44D7-B051-3FF69FF8B9EC}.Release|Any CPU.Build.0 = Release|Any CPU
		{EAE8A8BE-45D4-403B-893C-663442E74539}.Debug|Any CPU.ActiveCfg = Debug|Any CPU
		{EAE8A8BE-45D4-403B-893C-663442E74539}.Debug|Any CPU.Build.0 = Debug|Any CPU
		{EAE8A8BE-45D4-403B-893C-663442E74539}.Release|Any CPU.ActiveCfg = Release|Any CPU
		{EAE8A8BE-45D4-403B-893C-663442E74539}.Release|Any CPU.Build.0 = Release|Any CPU
		{9167581E-70AA-41CA-92CB-B17D0C107070}.Debug|Any CPU.ActiveCfg = Debug|Any CPU
		{9167581E-70AA-41CA-92CB-B17D0C107070}.Debug|Any CPU.Build.0 = Debug|Any CPU
		{9167581E-70AA-41CA-92CB-B17D0C107070}.Release|Any CPU.ActiveCfg = Release|Any CPU
		{9167581E-70AA-41CA-92CB-B17D0C107070}.Release|Any CPU.Build.0 = Release|Any CPU
		{37A1A36B-D2DB-4E0F-8BA9-A303B9C84CCE}.Debug|Any CPU.ActiveCfg = Debug|Any CPU
		{37A1A36B-D2DB-4E0F-8BA9-A303B9C84CCE}.Debug|Any CPU.Build.0 = Debug|Any CPU
		{37A1A36B-D2DB-4E0F-8BA9-A303B9C84CCE}.Release|Any CPU.ActiveCfg = Release|Any CPU
		{37A1A36B-D2DB-4E0F-8BA9-A303B9C84CCE}.Release|Any CPU.Build.0 = Release|Any CPU
		{6B22A497-3827-42C2-8BB1-2EF13E050EBE}.Debug|Any CPU.ActiveCfg = Debug|Any CPU
		{6B22A497-3827-42C2-8BB1-2EF13E050EBE}.Debug|Any CPU.Build.0 = Debug|Any CPU
		{6B22A497-3827-42C2-8BB1-2EF13E050EBE}.Release|Any CPU.ActiveCfg = Release|Any CPU
		{6B22A497-3827-42C2-8BB1-2EF13E050EBE}.Release|Any CPU.Build.0 = Release|Any CPU
		{B1471865-0771-4E06-AE6A-9A82415CCA89}.Debug|Any CPU.ActiveCfg = Debug|Any CPU
		{B1471865-0771-4E06-AE6A-9A82415CCA89}.Debug|Any CPU.Build.0 = Debug|Any CPU
		{B1471865-0771-4E06-AE6A-9A82415CCA89}.Release|Any CPU.ActiveCfg = Release|Any CPU
		{B1471865-0771-4E06-AE6A-9A82415CCA89}.Release|Any CPU.Build.0 = Release|Any CPU
		{0FB5A68F-4A29-4DAE-BB29-D76ABDA8EDDB}.Debug|Any CPU.ActiveCfg = Debug|Any CPU
		{0FB5A68F-4A29-4DAE-BB29-D76ABDA8EDDB}.Debug|Any CPU.Build.0 = Debug|Any CPU
		{0FB5A68F-4A29-4DAE-BB29-D76ABDA8EDDB}.Release|Any CPU.ActiveCfg = Release|Any CPU
		{0FB5A68F-4A29-4DAE-BB29-D76ABDA8EDDB}.Release|Any CPU.Build.0 = Release|Any CPU
		{5C3417B5-DDA4-4A41-9BE2-759E19C3A3A7}.Debug|Any CPU.ActiveCfg = Debug|Any CPU
		{5C3417B5-DDA4-4A41-9BE2-759E19C3A3A7}.Debug|Any CPU.Build.0 = Debug|Any CPU
		{5C3417B5-DDA4-4A41-9BE2-759E19C3A3A7}.Release|Any CPU.ActiveCfg = Release|Any CPU
		{5C3417B5-DDA4-4A41-9BE2-759E19C3A3A7}.Release|Any CPU.Build.0 = Release|Any CPU
		{C0143D7A-3C20-4E3D-AE6A-365A19EA02B6}.Debug|Any CPU.ActiveCfg = Debug|Any CPU
		{C0143D7A-3C20-4E3D-AE6A-365A19EA02B6}.Debug|Any CPU.Build.0 = Debug|Any CPU
		{C0143D7A-3C20-4E3D-AE6A-365A19EA02B6}.Release|Any CPU.ActiveCfg = Release|Any CPU
		{C0143D7A-3C20-4E3D-AE6A-365A19EA02B6}.Release|Any CPU.Build.0 = Release|Any CPU
		{DAFBE4B8-CB91-4373-A7C5-51F597554E42}.Debug|Any CPU.ActiveCfg = Debug|Any CPU
		{DAFBE4B8-CB91-4373-A7C5-51F597554E42}.Debug|Any CPU.Build.0 = Debug|Any CPU
		{DAFBE4B8-CB91-4373-A7C5-51F597554E42}.Release|Any CPU.ActiveCfg = Release|Any CPU
		{DAFBE4B8-CB91-4373-A7C5-51F597554E42}.Release|Any CPU.Build.0 = Release|Any CPU
		{1582F6B5-87F9-4054-91AA-510A87D28324}.Debug|Any CPU.ActiveCfg = Debug|Any CPU
		{1582F6B5-87F9-4054-91AA-510A87D28324}.Debug|Any CPU.Build.0 = Debug|Any CPU
		{1582F6B5-87F9-4054-91AA-510A87D28324}.Release|Any CPU.ActiveCfg = Release|Any CPU
		{1582F6B5-87F9-4054-91AA-510A87D28324}.Release|Any CPU.Build.0 = Release|Any CPU
		{6BF29204-2564-4D2A-8A38-C395E01558BE}.Debug|Any CPU.ActiveCfg = Debug|Any CPU
		{6BF29204-2564-4D2A-8A38-C395E01558BE}.Debug|Any CPU.Build.0 = Debug|Any CPU
		{6BF29204-2564-4D2A-8A38-C395E01558BE}.Release|Any CPU.ActiveCfg = Release|Any CPU
		{6BF29204-2564-4D2A-8A38-C395E01558BE}.Release|Any CPU.Build.0 = Release|Any CPU
		{DE08C12E-157F-4A2F-9B2E-39DC33FCAED5}.Debug|Any CPU.ActiveCfg = Debug|Any CPU
		{DE08C12E-157F-4A2F-9B2E-39DC33FCAED5}.Debug|Any CPU.Build.0 = Debug|Any CPU
		{DE08C12E-157F-4A2F-9B2E-39DC33FCAED5}.Release|Any CPU.ActiveCfg = Release|Any CPU
		{DE08C12E-157F-4A2F-9B2E-39DC33FCAED5}.Release|Any CPU.Build.0 = Release|Any CPU
		{DDA9D1E8-C126-427E-B6DD-ABA6CD9C09BA}.Debug|Any CPU.ActiveCfg = Debug|Any CPU
		{DDA9D1E8-C126-427E-B6DD-ABA6CD9C09BA}.Debug|Any CPU.Build.0 = Debug|Any CPU
		{DDA9D1E8-C126-427E-B6DD-ABA6CD9C09BA}.Release|Any CPU.ActiveCfg = Release|Any CPU
		{DDA9D1E8-C126-427E-B6DD-ABA6CD9C09BA}.Release|Any CPU.Build.0 = Release|Any CPU
		{6569A91D-97E1-4FA3-BC43-F1CF24EA57DA}.Debug|Any CPU.ActiveCfg = Debug|Any CPU
		{6569A91D-97E1-4FA3-BC43-F1CF24EA57DA}.Debug|Any CPU.Build.0 = Debug|Any CPU
		{6569A91D-97E1-4FA3-BC43-F1CF24EA57DA}.Release|Any CPU.ActiveCfg = Release|Any CPU
		{6569A91D-97E1-4FA3-BC43-F1CF24EA57DA}.Release|Any CPU.Build.0 = Release|Any CPU
		{0B06573F-4749-4053-BAED-537D528F2EC8}.Debug|Any CPU.ActiveCfg = Debug|Any CPU
		{0B06573F-4749-4053-BAED-537D528F2EC8}.Debug|Any CPU.Build.0 = Debug|Any CPU
		{0B06573F-4749-4053-BAED-537D528F2EC8}.Release|Any CPU.ActiveCfg = Release|Any CPU
		{0B06573F-4749-4053-BAED-537D528F2EC8}.Release|Any CPU.Build.0 = Release|Any CPU
		{B0E7B097-521E-4D5A-B1CC-7686B7D6ECBF}.Debug|Any CPU.ActiveCfg = Debug|Any CPU
		{B0E7B097-521E-4D5A-B1CC-7686B7D6ECBF}.Debug|Any CPU.Build.0 = Debug|Any CPU
		{B0E7B097-521E-4D5A-B1CC-7686B7D6ECBF}.Release|Any CPU.ActiveCfg = Release|Any CPU
		{B0E7B097-521E-4D5A-B1CC-7686B7D6ECBF}.Release|Any CPU.Build.0 = Release|Any CPU
		{48A0A12D-A0C0-43C6-8271-D546F56C355A}.Debug|Any CPU.ActiveCfg = Debug|Any CPU
		{48A0A12D-A0C0-43C6-8271-D546F56C355A}.Debug|Any CPU.Build.0 = Debug|Any CPU
		{48A0A12D-A0C0-43C6-8271-D546F56C355A}.Release|Any CPU.ActiveCfg = Release|Any CPU
		{48A0A12D-A0C0-43C6-8271-D546F56C355A}.Release|Any CPU.Build.0 = Release|Any CPU
		{1CBC65C6-7261-4CC7-84AA-0B848FC4D0A5}.Debug|Any CPU.ActiveCfg = Debug|Any CPU
		{1CBC65C6-7261-4CC7-84AA-0B848FC4D0A5}.Debug|Any CPU.Build.0 = Debug|Any CPU
		{1CBC65C6-7261-4CC7-84AA-0B848FC4D0A5}.Release|Any CPU.ActiveCfg = Release|Any CPU
		{1CBC65C6-7261-4CC7-84AA-0B848FC4D0A5}.Release|Any CPU.Build.0 = Release|Any CPU
		{85648500-1C9A-4778-9D56-2F0B0549103F}.Debug|Any CPU.ActiveCfg = Debug|Any CPU
		{85648500-1C9A-4778-9D56-2F0B0549103F}.Debug|Any CPU.Build.0 = Debug|Any CPU
		{85648500-1C9A-4778-9D56-2F0B0549103F}.Release|Any CPU.ActiveCfg = Release|Any CPU
		{85648500-1C9A-4778-9D56-2F0B0549103F}.Release|Any CPU.Build.0 = Release|Any CPU
		{CB1B4122-6084-428A-8895-0B107B805B7E}.Debug|Any CPU.ActiveCfg = Debug|Any CPU
		{CB1B4122-6084-428A-8895-0B107B805B7E}.Debug|Any CPU.Build.0 = Debug|Any CPU
		{CB1B4122-6084-428A-8895-0B107B805B7E}.Release|Any CPU.ActiveCfg = Release|Any CPU
		{CB1B4122-6084-428A-8895-0B107B805B7E}.Release|Any CPU.Build.0 = Release|Any CPU
		{0A544EEC-E095-4414-9FC4-1F067B99F57C}.Debug|Any CPU.ActiveCfg = Debug|Any CPU
		{0A544EEC-E095-4414-9FC4-1F067B99F57C}.Debug|Any CPU.Build.0 = Debug|Any CPU
		{0A544EEC-E095-4414-9FC4-1F067B99F57C}.Release|Any CPU.ActiveCfg = Release|Any CPU
		{0A544EEC-E095-4414-9FC4-1F067B99F57C}.Release|Any CPU.Build.0 = Release|Any CPU
		{ABDAC7C2-FB09-42EC-B3A5-1A0D03ED5BF3}.Debug|Any CPU.ActiveCfg = Debug|Any CPU
		{ABDAC7C2-FB09-42EC-B3A5-1A0D03ED5BF3}.Debug|Any CPU.Build.0 = Debug|Any CPU
		{ABDAC7C2-FB09-42EC-B3A5-1A0D03ED5BF3}.Release|Any CPU.ActiveCfg = Release|Any CPU
		{ABDAC7C2-FB09-42EC-B3A5-1A0D03ED5BF3}.Release|Any CPU.Build.0 = Release|Any CPU
		{F6706CE0-7FB1-4117-A623-38FA4684AD25}.Debug|Any CPU.ActiveCfg = Debug|Any CPU
		{F6706CE0-7FB1-4117-A623-38FA4684AD25}.Debug|Any CPU.Build.0 = Debug|Any CPU
		{F6706CE0-7FB1-4117-A623-38FA4684AD25}.Release|Any CPU.ActiveCfg = Release|Any CPU
		{F6706CE0-7FB1-4117-A623-38FA4684AD25}.Release|Any CPU.Build.0 = Release|Any CPU
		{6B6FF4E0-8E72-40F8-90D2-71C3DE2E0CB3}.Debug|Any CPU.ActiveCfg = Debug|Any CPU
		{6B6FF4E0-8E72-40F8-90D2-71C3DE2E0CB3}.Debug|Any CPU.Build.0 = Debug|Any CPU
		{6B6FF4E0-8E72-40F8-90D2-71C3DE2E0CB3}.Release|Any CPU.ActiveCfg = Release|Any CPU
		{6B6FF4E0-8E72-40F8-90D2-71C3DE2E0CB3}.Release|Any CPU.Build.0 = Release|Any CPU
		{89150A0C-7ED1-4F74-ABF8-C0CAA04AB622}.Debug|Any CPU.ActiveCfg = Debug|Any CPU
		{89150A0C-7ED1-4F74-ABF8-C0CAA04AB622}.Debug|Any CPU.Build.0 = Debug|Any CPU
		{89150A0C-7ED1-4F74-ABF8-C0CAA04AB622}.Release|Any CPU.ActiveCfg = Release|Any CPU
		{89150A0C-7ED1-4F74-ABF8-C0CAA04AB622}.Release|Any CPU.Build.0 = Release|Any CPU
		{88DE4754-D010-4F27-9ED0-EDA0D61010DE}.Debug|Any CPU.ActiveCfg = Debug|Any CPU
		{88DE4754-D010-4F27-9ED0-EDA0D61010DE}.Debug|Any CPU.Build.0 = Debug|Any CPU
		{88DE4754-D010-4F27-9ED0-EDA0D61010DE}.Release|Any CPU.ActiveCfg = Release|Any CPU
		{88DE4754-D010-4F27-9ED0-EDA0D61010DE}.Release|Any CPU.Build.0 = Release|Any CPU
		{D9951830-D206-409E-B4CD-D05C33913A7F}.Debug|Any CPU.ActiveCfg = Debug|Any CPU
		{D9951830-D206-409E-B4CD-D05C33913A7F}.Debug|Any CPU.Build.0 = Debug|Any CPU
		{D9951830-D206-409E-B4CD-D05C33913A7F}.Release|Any CPU.ActiveCfg = Release|Any CPU
		{D9951830-D206-409E-B4CD-D05C33913A7F}.Release|Any CPU.Build.0 = Release|Any CPU
		{84C6FD50-997D-49CF-9B06-BD5FF3BE3D2A}.Debug|Any CPU.ActiveCfg = Debug|Any CPU
		{84C6FD50-997D-49CF-9B06-BD5FF3BE3D2A}.Debug|Any CPU.Build.0 = Debug|Any CPU
		{84C6FD50-997D-49CF-9B06-BD5FF3BE3D2A}.Release|Any CPU.ActiveCfg = Release|Any CPU
		{84C6FD50-997D-49CF-9B06-BD5FF3BE3D2A}.Release|Any CPU.Build.0 = Release|Any CPU
		{1E2FE15A-FC68-438D-9006-5789DCF10504}.Debug|Any CPU.ActiveCfg = Debug|Any CPU
		{1E2FE15A-FC68-438D-9006-5789DCF10504}.Debug|Any CPU.Build.0 = Debug|Any CPU
		{1E2FE15A-FC68-438D-9006-5789DCF10504}.Release|Any CPU.ActiveCfg = Release|Any CPU
		{1E2FE15A-FC68-438D-9006-5789DCF10504}.Release|Any CPU.Build.0 = Release|Any CPU
		{302B200D-1AFC-4382-BD69-5CE8A65D0045}.Debug|Any CPU.ActiveCfg = Debug|Any CPU
		{302B200D-1AFC-4382-BD69-5CE8A65D0045}.Debug|Any CPU.Build.0 = Debug|Any CPU
		{302B200D-1AFC-4382-BD69-5CE8A65D0045}.Release|Any CPU.ActiveCfg = Release|Any CPU
		{302B200D-1AFC-4382-BD69-5CE8A65D0045}.Release|Any CPU.Build.0 = Release|Any CPU
		{2AD05057-4CA8-4D1F-BB95-DC41D7A140D3}.Debug|Any CPU.ActiveCfg = Debug|Any CPU
		{2AD05057-4CA8-4D1F-BB95-DC41D7A140D3}.Debug|Any CPU.Build.0 = Debug|Any CPU
		{2AD05057-4CA8-4D1F-BB95-DC41D7A140D3}.Release|Any CPU.ActiveCfg = Release|Any CPU
		{2AD05057-4CA8-4D1F-BB95-DC41D7A140D3}.Release|Any CPU.Build.0 = Release|Any CPU
		{8F9A961A-FC90-4CBF-859E-D53F011C73DB}.Debug|Any CPU.ActiveCfg = Debug|Any CPU
		{8F9A961A-FC90-4CBF-859E-D53F011C73DB}.Debug|Any CPU.Build.0 = Debug|Any CPU
		{8F9A961A-FC90-4CBF-859E-D53F011C73DB}.Release|Any CPU.ActiveCfg = Release|Any CPU
		{8F9A961A-FC90-4CBF-859E-D53F011C73DB}.Release|Any CPU.Build.0 = Release|Any CPU
		{E13F389B-1F24-4056-ADBB-A8A10792E707}.Debug|Any CPU.ActiveCfg = Debug|Any CPU
		{E13F389B-1F24-4056-ADBB-A8A10792E707}.Debug|Any CPU.Build.0 = Debug|Any CPU
		{E13F389B-1F24-4056-ADBB-A8A10792E707}.Release|Any CPU.ActiveCfg = Release|Any CPU
		{E13F389B-1F24-4056-ADBB-A8A10792E707}.Release|Any CPU.Build.0 = Release|Any CPU
		{DC1E1A9E-77DD-4507-8686-4873F9F4F9D7}.Debug|Any CPU.ActiveCfg = Debug|Any CPU
		{DC1E1A9E-77DD-4507-8686-4873F9F4F9D7}.Debug|Any CPU.Build.0 = Debug|Any CPU
		{DC1E1A9E-77DD-4507-8686-4873F9F4F9D7}.Release|Any CPU.ActiveCfg = Release|Any CPU
		{DC1E1A9E-77DD-4507-8686-4873F9F4F9D7}.Release|Any CPU.Build.0 = Release|Any CPU
		{44F8189E-9BA1-4B47-AD15-3EB9B56D17D4}.Debug|Any CPU.ActiveCfg = Debug|Any CPU
		{44F8189E-9BA1-4B47-AD15-3EB9B56D17D4}.Debug|Any CPU.Build.0 = Debug|Any CPU
		{44F8189E-9BA1-4B47-AD15-3EB9B56D17D4}.Release|Any CPU.ActiveCfg = Release|Any CPU
		{44F8189E-9BA1-4B47-AD15-3EB9B56D17D4}.Release|Any CPU.Build.0 = Release|Any CPU
		{49D73047-4865-4C45-B786-5B30154CE9AF}.Debug|Any CPU.ActiveCfg = Debug|Any CPU
		{49D73047-4865-4C45-B786-5B30154CE9AF}.Debug|Any CPU.Build.0 = Debug|Any CPU
		{49D73047-4865-4C45-B786-5B30154CE9AF}.Release|Any CPU.ActiveCfg = Release|Any CPU
		{49D73047-4865-4C45-B786-5B30154CE9AF}.Release|Any CPU.Build.0 = Release|Any CPU
		{F13A874A-4FF6-4939-81D7-CA3A3D0243CD}.Debug|Any CPU.ActiveCfg = Debug|Any CPU
		{F13A874A-4FF6-4939-81D7-CA3A3D0243CD}.Debug|Any CPU.Build.0 = Debug|Any CPU
		{F13A874A-4FF6-4939-81D7-CA3A3D0243CD}.Release|Any CPU.ActiveCfg = Release|Any CPU
		{F13A874A-4FF6-4939-81D7-CA3A3D0243CD}.Release|Any CPU.Build.0 = Release|Any CPU
		{CA62A577-E51B-43D0-BE49-8D1094DF469E}.Debug|Any CPU.ActiveCfg = Debug|Any CPU
		{CA62A577-E51B-43D0-BE49-8D1094DF469E}.Debug|Any CPU.Build.0 = Debug|Any CPU
		{CA62A577-E51B-43D0-BE49-8D1094DF469E}.Release|Any CPU.ActiveCfg = Release|Any CPU
		{CA62A577-E51B-43D0-BE49-8D1094DF469E}.Release|Any CPU.Build.0 = Release|Any CPU
		{F1C96BEF-1B12-48BC-87F4-BD9D22F8860C}.Debug|Any CPU.ActiveCfg = Debug|Any CPU
		{F1C96BEF-1B12-48BC-87F4-BD9D22F8860C}.Debug|Any CPU.Build.0 = Debug|Any CPU
		{F1C96BEF-1B12-48BC-87F4-BD9D22F8860C}.Release|Any CPU.ActiveCfg = Release|Any CPU
		{F1C96BEF-1B12-48BC-87F4-BD9D22F8860C}.Release|Any CPU.Build.0 = Release|Any CPU
		{E38853FE-C288-4737-B489-D506E0880AA7}.Debug|Any CPU.ActiveCfg = Debug|Any CPU
		{E38853FE-C288-4737-B489-D506E0880AA7}.Debug|Any CPU.Build.0 = Debug|Any CPU
		{E38853FE-C288-4737-B489-D506E0880AA7}.Release|Any CPU.ActiveCfg = Release|Any CPU
		{E38853FE-C288-4737-B489-D506E0880AA7}.Release|Any CPU.Build.0 = Release|Any CPU
		{DFB79796-654A-43E0-B06E-C9B7CE396AA4}.Debug|Any CPU.ActiveCfg = Debug|Any CPU
		{DFB79796-654A-43E0-B06E-C9B7CE396AA4}.Debug|Any CPU.Build.0 = Debug|Any CPU
		{DFB79796-654A-43E0-B06E-C9B7CE396AA4}.Release|Any CPU.ActiveCfg = Release|Any CPU
		{DFB79796-654A-43E0-B06E-C9B7CE396AA4}.Release|Any CPU.Build.0 = Release|Any CPU
		{C6DD2D9D-C30E-40CF-BD83-BAA9FBBCC18E}.Debug|Any CPU.ActiveCfg = Debug|Any CPU
		{C6DD2D9D-C30E-40CF-BD83-BAA9FBBCC18E}.Debug|Any CPU.Build.0 = Debug|Any CPU
		{C6DD2D9D-C30E-40CF-BD83-BAA9FBBCC18E}.Release|Any CPU.ActiveCfg = Release|Any CPU
		{C6DD2D9D-C30E-40CF-BD83-BAA9FBBCC18E}.Release|Any CPU.Build.0 = Release|Any CPU
		{FC533A87-F852-4170-83B9-937965F314CC}.Debug|Any CPU.ActiveCfg = Debug|Any CPU
		{FC533A87-F852-4170-83B9-937965F314CC}.Debug|Any CPU.Build.0 = Debug|Any CPU
		{FC533A87-F852-4170-83B9-937965F314CC}.Release|Any CPU.ActiveCfg = Release|Any CPU
		{FC533A87-F852-4170-83B9-937965F314CC}.Release|Any CPU.Build.0 = Release|Any CPU
		{67C7C16C-6EA1-4F64-8389-A479CF59AD55}.Debug|Any CPU.ActiveCfg = Debug|Any CPU
		{67C7C16C-6EA1-4F64-8389-A479CF59AD55}.Debug|Any CPU.Build.0 = Debug|Any CPU
		{67C7C16C-6EA1-4F64-8389-A479CF59AD55}.Release|Any CPU.ActiveCfg = Release|Any CPU
		{67C7C16C-6EA1-4F64-8389-A479CF59AD55}.Release|Any CPU.Build.0 = Release|Any CPU
		{99F80553-B5C7-48FF-A6B5-04CAE673D0E8}.Debug|Any CPU.ActiveCfg = Debug|Any CPU
		{99F80553-B5C7-48FF-A6B5-04CAE673D0E8}.Debug|Any CPU.Build.0 = Debug|Any CPU
		{99F80553-B5C7-48FF-A6B5-04CAE673D0E8}.Release|Any CPU.ActiveCfg = Release|Any CPU
		{99F80553-B5C7-48FF-A6B5-04CAE673D0E8}.Release|Any CPU.Build.0 = Release|Any CPU
		{B404AA69-1642-48E0-BBF0-20DD98566FD4}.Debug|Any CPU.ActiveCfg = Debug|Any CPU
		{B404AA69-1642-48E0-BBF0-20DD98566FD4}.Debug|Any CPU.Build.0 = Debug|Any CPU
		{B404AA69-1642-48E0-BBF0-20DD98566FD4}.Release|Any CPU.ActiveCfg = Release|Any CPU
		{B404AA69-1642-48E0-BBF0-20DD98566FD4}.Release|Any CPU.Build.0 = Release|Any CPU
		{215E9BDB-36EE-4E95-A144-173774AA3976}.Debug|Any CPU.ActiveCfg = Debug|Any CPU
		{215E9BDB-36EE-4E95-A144-173774AA3976}.Debug|Any CPU.Build.0 = Debug|Any CPU
		{215E9BDB-36EE-4E95-A144-173774AA3976}.Release|Any CPU.ActiveCfg = Release|Any CPU
		{215E9BDB-36EE-4E95-A144-173774AA3976}.Release|Any CPU.Build.0 = Release|Any CPU
		{ADE0553E-EA33-48D1-854B-5AFBD53037F8}.Debug|Any CPU.ActiveCfg = Debug|Any CPU
		{ADE0553E-EA33-48D1-854B-5AFBD53037F8}.Debug|Any CPU.Build.0 = Debug|Any CPU
		{ADE0553E-EA33-48D1-854B-5AFBD53037F8}.Release|Any CPU.ActiveCfg = Release|Any CPU
		{ADE0553E-EA33-48D1-854B-5AFBD53037F8}.Release|Any CPU.Build.0 = Release|Any CPU
		{DD937B72-FAE9-49C8-A359-ED69AF605430}.Debug|Any CPU.ActiveCfg = Debug|Any CPU
		{DD937B72-FAE9-49C8-A359-ED69AF605430}.Debug|Any CPU.Build.0 = Debug|Any CPU
		{DD937B72-FAE9-49C8-A359-ED69AF605430}.Release|Any CPU.ActiveCfg = Release|Any CPU
		{DD937B72-FAE9-49C8-A359-ED69AF605430}.Release|Any CPU.Build.0 = Release|Any CPU
		{BF3D1E31-E966-4300-B99B-B17E560C8125}.Debug|Any CPU.ActiveCfg = Debug|Any CPU
		{BF3D1E31-E966-4300-B99B-B17E560C8125}.Debug|Any CPU.Build.0 = Debug|Any CPU
		{BF3D1E31-E966-4300-B99B-B17E560C8125}.Release|Any CPU.ActiveCfg = Release|Any CPU
		{BF3D1E31-E966-4300-B99B-B17E560C8125}.Release|Any CPU.Build.0 = Release|Any CPU
		{714C3280-FB02-4C19-9E68-5EE0D38285A5}.Debug|Any CPU.ActiveCfg = Debug|Any CPU
		{714C3280-FB02-4C19-9E68-5EE0D38285A5}.Debug|Any CPU.Build.0 = Debug|Any CPU
		{714C3280-FB02-4C19-9E68-5EE0D38285A5}.Release|Any CPU.ActiveCfg = Release|Any CPU
		{714C3280-FB02-4C19-9E68-5EE0D38285A5}.Release|Any CPU.Build.0 = Release|Any CPU
		{5FDDAC35-8D97-4886-B95E-396FC9AD90D3}.Debug|Any CPU.ActiveCfg = Debug|Any CPU
		{5FDDAC35-8D97-4886-B95E-396FC9AD90D3}.Debug|Any CPU.Build.0 = Debug|Any CPU
		{5FDDAC35-8D97-4886-B95E-396FC9AD90D3}.Release|Any CPU.ActiveCfg = Release|Any CPU
		{5FDDAC35-8D97-4886-B95E-396FC9AD90D3}.Release|Any CPU.Build.0 = Release|Any CPU
		{24D03967-2FED-4A4C-8230-1BF132C68170}.Debug|Any CPU.ActiveCfg = Debug|Any CPU
		{24D03967-2FED-4A4C-8230-1BF132C68170}.Debug|Any CPU.Build.0 = Debug|Any CPU
		{24D03967-2FED-4A4C-8230-1BF132C68170}.Release|Any CPU.ActiveCfg = Release|Any CPU
		{24D03967-2FED-4A4C-8230-1BF132C68170}.Release|Any CPU.Build.0 = Release|Any CPU
		{6731518E-FDA6-4BF6-98A4-4055ED13D1B8}.Debug|Any CPU.ActiveCfg = Debug|Any CPU
		{6731518E-FDA6-4BF6-98A4-4055ED13D1B8}.Debug|Any CPU.Build.0 = Debug|Any CPU
		{6731518E-FDA6-4BF6-98A4-4055ED13D1B8}.Release|Any CPU.ActiveCfg = Release|Any CPU
		{6731518E-FDA6-4BF6-98A4-4055ED13D1B8}.Release|Any CPU.Build.0 = Release|Any CPU
		{424AE073-D00D-4BF8-951E-9D27E037D1BD}.Debug|Any CPU.ActiveCfg = Debug|Any CPU
		{424AE073-D00D-4BF8-951E-9D27E037D1BD}.Debug|Any CPU.Build.0 = Debug|Any CPU
		{424AE073-D00D-4BF8-951E-9D27E037D1BD}.Release|Any CPU.ActiveCfg = Release|Any CPU
		{424AE073-D00D-4BF8-951E-9D27E037D1BD}.Release|Any CPU.Build.0 = Release|Any CPU
		{57E9D993-9F50-43C6-9A16-BF118DAA512A}.Debug|Any CPU.ActiveCfg = Debug|Any CPU
		{57E9D993-9F50-43C6-9A16-BF118DAA512A}.Debug|Any CPU.Build.0 = Debug|Any CPU
		{57E9D993-9F50-43C6-9A16-BF118DAA512A}.Release|Any CPU.ActiveCfg = Release|Any CPU
		{57E9D993-9F50-43C6-9A16-BF118DAA512A}.Release|Any CPU.Build.0 = Release|Any CPU
		{3C2FE444-79DB-479C-9B96-4CD45DC1E5C4}.Debug|Any CPU.ActiveCfg = Debug|Any CPU
		{3C2FE444-79DB-479C-9B96-4CD45DC1E5C4}.Debug|Any CPU.Build.0 = Debug|Any CPU
		{3C2FE444-79DB-479C-9B96-4CD45DC1E5C4}.Release|Any CPU.ActiveCfg = Release|Any CPU
		{3C2FE444-79DB-479C-9B96-4CD45DC1E5C4}.Release|Any CPU.Build.0 = Release|Any CPU
		{106E9D76-D14E-49FE-BDB2-54412516876A}.Debug|Any CPU.ActiveCfg = Debug|Any CPU
		{106E9D76-D14E-49FE-BDB2-54412516876A}.Debug|Any CPU.Build.0 = Debug|Any CPU
		{106E9D76-D14E-49FE-BDB2-54412516876A}.Release|Any CPU.ActiveCfg = Release|Any CPU
		{106E9D76-D14E-49FE-BDB2-54412516876A}.Release|Any CPU.Build.0 = Release|Any CPU
		{5B79CB77-E6BB-471F-BA6B-970FAF429A57}.Debug|Any CPU.ActiveCfg = Debug|Any CPU
		{5B79CB77-E6BB-471F-BA6B-970FAF429A57}.Debug|Any CPU.Build.0 = Debug|Any CPU
		{5B79CB77-E6BB-471F-BA6B-970FAF429A57}.Release|Any CPU.ActiveCfg = Release|Any CPU
		{5B79CB77-E6BB-471F-BA6B-970FAF429A57}.Release|Any CPU.Build.0 = Release|Any CPU
		{84BA0043-D2BE-4E31-81EB-27193EAEAC37}.Debug|Any CPU.ActiveCfg = Debug|Any CPU
		{84BA0043-D2BE-4E31-81EB-27193EAEAC37}.Debug|Any CPU.Build.0 = Debug|Any CPU
		{84BA0043-D2BE-4E31-81EB-27193EAEAC37}.Release|Any CPU.ActiveCfg = Release|Any CPU
		{84BA0043-D2BE-4E31-81EB-27193EAEAC37}.Release|Any CPU.Build.0 = Release|Any CPU
		{2E6FF8CA-9D00-45C4-89DE-982287F76489}.Debug|Any CPU.ActiveCfg = Debug|Any CPU
		{2E6FF8CA-9D00-45C4-89DE-982287F76489}.Debug|Any CPU.Build.0 = Debug|Any CPU
		{2E6FF8CA-9D00-45C4-89DE-982287F76489}.Release|Any CPU.ActiveCfg = Release|Any CPU
		{2E6FF8CA-9D00-45C4-89DE-982287F76489}.Release|Any CPU.Build.0 = Release|Any CPU
		{B74EC820-0977-4D3A-B220-267B06E7791D}.Debug|Any CPU.ActiveCfg = Debug|Any CPU
		{B74EC820-0977-4D3A-B220-267B06E7791D}.Debug|Any CPU.Build.0 = Debug|Any CPU
		{B74EC820-0977-4D3A-B220-267B06E7791D}.Release|Any CPU.ActiveCfg = Release|Any CPU
		{B74EC820-0977-4D3A-B220-267B06E7791D}.Release|Any CPU.Build.0 = Release|Any CPU
		{71D42289-39D2-44B0-8D22-1FA921388127}.Debug|Any CPU.ActiveCfg = Debug|Any CPU
		{71D42289-39D2-44B0-8D22-1FA921388127}.Debug|Any CPU.Build.0 = Debug|Any CPU
		{71D42289-39D2-44B0-8D22-1FA921388127}.Release|Any CPU.ActiveCfg = Release|Any CPU
		{71D42289-39D2-44B0-8D22-1FA921388127}.Release|Any CPU.Build.0 = Release|Any CPU
		{C0AD82D0-8D48-46A7-A28E-51946ACCB425}.Debug|Any CPU.ActiveCfg = Debug|Any CPU
		{C0AD82D0-8D48-46A7-A28E-51946ACCB425}.Debug|Any CPU.Build.0 = Debug|Any CPU
		{C0AD82D0-8D48-46A7-A28E-51946ACCB425}.Release|Any CPU.ActiveCfg = Release|Any CPU
		{C0AD82D0-8D48-46A7-A28E-51946ACCB425}.Release|Any CPU.Build.0 = Release|Any CPU
		{874E3C38-8E1D-4C59-AC8D-03F954B13DBB}.Debug|Any CPU.ActiveCfg = Debug|Any CPU
		{874E3C38-8E1D-4C59-AC8D-03F954B13DBB}.Debug|Any CPU.Build.0 = Debug|Any CPU
		{874E3C38-8E1D-4C59-AC8D-03F954B13DBB}.Release|Any CPU.ActiveCfg = Release|Any CPU
		{874E3C38-8E1D-4C59-AC8D-03F954B13DBB}.Release|Any CPU.Build.0 = Release|Any CPU
		{0A0E4AF2-7A9C-4378-8F4E-A4C64A10CCF1}.Debug|Any CPU.ActiveCfg = Debug|Any CPU
		{0A0E4AF2-7A9C-4378-8F4E-A4C64A10CCF1}.Debug|Any CPU.Build.0 = Debug|Any CPU
		{0A0E4AF2-7A9C-4378-8F4E-A4C64A10CCF1}.Release|Any CPU.ActiveCfg = Release|Any CPU
		{0A0E4AF2-7A9C-4378-8F4E-A4C64A10CCF1}.Release|Any CPU.Build.0 = Release|Any CPU
		{AD688AEF-292A-4C93-AE7E-090312CE1C7B}.Debug|Any CPU.ActiveCfg = Debug|Any CPU
		{AD688AEF-292A-4C93-AE7E-090312CE1C7B}.Debug|Any CPU.Build.0 = Debug|Any CPU
		{AD688AEF-292A-4C93-AE7E-090312CE1C7B}.Release|Any CPU.ActiveCfg = Release|Any CPU
		{AD688AEF-292A-4C93-AE7E-090312CE1C7B}.Release|Any CPU.Build.0 = Release|Any CPU
		{45535F0C-A4E6-42E8-A0E8-C10A6BF6843D}.Debug|Any CPU.ActiveCfg = Debug|Any CPU
		{45535F0C-A4E6-42E8-A0E8-C10A6BF6843D}.Debug|Any CPU.Build.0 = Debug|Any CPU
		{45535F0C-A4E6-42E8-A0E8-C10A6BF6843D}.Release|Any CPU.ActiveCfg = Release|Any CPU
		{45535F0C-A4E6-42E8-A0E8-C10A6BF6843D}.Release|Any CPU.Build.0 = Release|Any CPU
		{FECE0EF5-A5CF-41A0-8C56-666D76B7FEAA}.Debug|Any CPU.ActiveCfg = Debug|Any CPU
		{FECE0EF5-A5CF-41A0-8C56-666D76B7FEAA}.Debug|Any CPU.Build.0 = Debug|Any CPU
		{FECE0EF5-A5CF-41A0-8C56-666D76B7FEAA}.Release|Any CPU.ActiveCfg = Release|Any CPU
		{FECE0EF5-A5CF-41A0-8C56-666D76B7FEAA}.Release|Any CPU.Build.0 = Release|Any CPU
	EndGlobalSection
	GlobalSection(SolutionProperties) = preSolution
		HideSolutionNode = FALSE
	EndGlobalSection
	GlobalSection(ExtensibilityGlobals) = postSolution
		SolutionGuid = {BC3BF9B6-1734-4C59-8794-CECA86640ADB}
	EndGlobalSection
EndGlobal
